// !$*UTF8*$!
{
	archiveVersion = 1;
	classes = {
	};
	objectVersion = 77;
	objects = {

/* Begin PBXBuildFile section */
		125118DFF0B8EE5CA411C417 /* MenuBarContent.swift in Sources */ = {isa = PBXBuildFile; fileRef = CBFBE7C7257E13EF3CDD18D8 /* MenuBarContent.swift */; };
		13C2C2930076303D2CB85640 /* ModePresentation.swift in Sources */ = {isa = PBXBuildFile; fileRef = BE2935F6E8E884C7FA873B18 /* ModePresentation.swift */; };
		234F123DDABF9C6E0B472C53 /* RecordingHUDWindowController.swift in Sources */ = {isa = PBXBuildFile; fileRef = 83F92F43FAD9B31E144B5E64 /* RecordingHUDWindowController.swift */; };
		2BF17E5762727F209C1527FD /* AppIcon.icns in Resources */ = {isa = PBXBuildFile; fileRef = 9ED636365F6B93D681C47340 /* AppIcon.icns */; };
		323C991EFD0403CB7CF0BBCA /* LstnrApp.swift in Sources */ = {isa = PBXBuildFile; fileRef = FCB6B752EFA931FD73E0B470 /* LstnrApp.swift */; };
		3BC7A806A0E7BA82F1F53841 /* OnboardingView.swift in Sources */ = {isa = PBXBuildFile; fileRef = 024664CBC22825E834FC7BBD /* OnboardingView.swift */; };
		439E24A1B0278E53516FF315 /* RecordingHUDView.swift in Sources */ = {isa = PBXBuildFile; fileRef = C9A594BD6DDABAA86BC3D889 /* RecordingHUDView.swift */; };
		4D5DC32033CAA01025B91C43 /* LstnrSettingsView.swift in Sources */ = {isa = PBXBuildFile; fileRef = 8CCD70FABA02D9D3CD4084EC /* LstnrSettingsView.swift */; };
		5E5E7123722CEDDA04C69697 /* AppState.swift in Sources */ = {isa = PBXBuildFile; fileRef = F68B11D180048D181E993725 /* AppState.swift */; };
		68BDAE07561E50FCCEB5D4D2 /* AppModeRule.swift in Sources */ = {isa = PBXBuildFile; fileRef = 2AE059F0032CD437FE2E5623 /* AppModeRule.swift */; };
		92D9C11F72B6F510A40B5915 /* RecordingHUDState.swift in Sources */ = {isa = PBXBuildFile; fileRef = 936F9FB0D327F2208726D2D6 /* RecordingHUDState.swift */; };
		A1D1958010D5ACB8A1D07696 /* BackendMetadata.swift in Sources */ = {isa = PBXBuildFile; fileRef = 638F9CB1460B5870E7EE48C8 /* BackendMetadata.swift */; };
		A6B88826F631B6C18760356D /* ModeEditorView.swift in Sources */ = {isa = PBXBuildFile; fileRef = 7540B0ECA583487C560C1B05 /* ModeEditorView.swift */; };
		B6FCE9D02545385B82347D9A /* Fonts in Resources */ = {isa = PBXBuildFile; fileRef = 354B6093D9AD293EF6F073AE /* Fonts */; };
		BD41E59C945FDF785ABB9C20 /* SettingsDeepLink.swift in Sources */ = {isa = PBXBuildFile; fileRef = 8EEB243BC444A637247AD8D3 /* SettingsDeepLink.swift */; };
		BD5B8EDED49CAB793E1DE337 /* VaraOnboarding.swift in Sources */ = {isa = PBXBuildFile; fileRef = B90A51B8160FDB479229186C /* VaraOnboarding.swift */; };
		C04070138352840737AC8496 /* DiagnosticsView.swift in Sources */ = {isa = PBXBuildFile; fileRef = 19F304CA21E45819CCEE6323 /* DiagnosticsView.swift */; };
		CCAF22A813EAC9F74338402B /* Localizable.xcstrings in Resources */ = {isa = PBXBuildFile; fileRef = E2338C7AE0B7D3E074D16709 /* Localizable.xcstrings */; };
		D0DA021F2B5E7803A8C0D90A /* LstnrCore in Frameworks */ = {isa = PBXBuildFile; productRef = E5CCDA942FEBACA48FD73A69 /* LstnrCore */; };
		EF224B2B05EAB2611F539E7C /* LstnrDashboardView.swift in Sources */ = {isa = PBXBuildFile; fileRef = 0874CE0E0CF804A3A46FB11D /* LstnrDashboardView.swift */; };
		FE657875F3B6F07EDBB81C1B /* BSTheme.swift in Sources */ = {isa = PBXBuildFile; fileRef = C91EEDAEA2CC6AC48E46BA25 /* BSTheme.swift */; };
/* End PBXBuildFile section */

/* Begin PBXFileReference section */
		024664CBC22825E834FC7BBD /* OnboardingView.swift */ = {isa = PBXFileReference; lastKnownFileType = sourcecode.swift; path = OnboardingView.swift; sourceTree = "<group>"; };
		0874CE0E0CF804A3A46FB11D /* LstnrDashboardView.swift */ = {isa = PBXFileReference; lastKnownFileType = sourcecode.swift; path = LstnrDashboardView.swift; sourceTree = "<group>"; };
		19F304CA21E45819CCEE6323 /* DiagnosticsView.swift */ = {isa = PBXFileReference; lastKnownFileType = sourcecode.swift; path = DiagnosticsView.swift; sourceTree = "<group>"; };
		2AE059F0032CD437FE2E5623 /* AppModeRule.swift */ = {isa = PBXFileReference; lastKnownFileType = sourcecode.swift; path = AppModeRule.swift; sourceTree = "<group>"; };
		354B6093D9AD293EF6F073AE /* Fonts */ = {isa = PBXFileReference; lastKnownFileType = folder; name = Fonts; path = App/Resources/Fonts; sourceTree = SOURCE_ROOT; };
		638F9CB1460B5870E7EE48C8 /* BackendMetadata.swift */ = {isa = PBXFileReference; lastKnownFileType = sourcecode.swift; path = BackendMetadata.swift; sourceTree = "<group>"; };
		74AA25301FFD05281544A7B2 /* Lstnr.app */ = {isa = PBXFileReference; explicitFileType = wrapper.application; includeInIndex = 0; path = Lstnr.app; sourceTree = BUILT_PRODUCTS_DIR; };
		7540B0ECA583487C560C1B05 /* ModeEditorView.swift */ = {isa = PBXFileReference; lastKnownFileType = sourcecode.swift; path = ModeEditorView.swift; sourceTree = "<group>"; };
		83295DCFDF515B867BBE092B /* Lstnr.entitlements */ = {isa = PBXFileReference; lastKnownFileType = text.plist.entitlements; path = Lstnr.entitlements; sourceTree = "<group>"; };
		83F92F43FAD9B31E144B5E64 /* RecordingHUDWindowController.swift */ = {isa = PBXFileReference; lastKnownFileType = sourcecode.swift; path = RecordingHUDWindowController.swift; sourceTree = "<group>"; };
		8CCD70FABA02D9D3CD4084EC /* LstnrSettingsView.swift */ = {isa = PBXFileReference; lastKnownFileType = sourcecode.swift; path = LstnrSettingsView.swift; sourceTree = "<group>"; };
		8EEB243BC444A637247AD8D3 /* SettingsDeepLink.swift */ = {isa = PBXFileReference; lastKnownFileType = sourcecode.swift; path = SettingsDeepLink.swift; sourceTree = "<group>"; };
		936F9FB0D327F2208726D2D6 /* RecordingHUDState.swift */ = {isa = PBXFileReference; lastKnownFileType = sourcecode.swift; path = RecordingHUDState.swift; sourceTree = "<group>"; };
		9ED636365F6B93D681C47340 /* AppIcon.icns */ = {isa = PBXFileReference; lastKnownFileType = image.icns; path = AppIcon.icns; sourceTree = "<group>"; };
		A2AE6F92CDDDDE51E4539076 /* lstnr */ = {isa = PBXFileReference; lastKnownFileType = folder; name = lstnr; path = .; sourceTree = SOURCE_ROOT; };
		B90A51B8160FDB479229186C /* VaraOnboarding.swift */ = {isa = PBXFileReference; lastKnownFileType = sourcecode.swift; path = VaraOnboarding.swift; sourceTree = "<group>"; };
		BE2935F6E8E884C7FA873B18 /* ModePresentation.swift */ = {isa = PBXFileReference; lastKnownFileType = sourcecode.swift; path = ModePresentation.swift; sourceTree = "<group>"; };
		C91EEDAEA2CC6AC48E46BA25 /* BSTheme.swift */ = {isa = PBXFileReference; lastKnownFileType = sourcecode.swift; path = BSTheme.swift; sourceTree = "<group>"; };
		C9A594BD6DDABAA86BC3D889 /* RecordingHUDView.swift */ = {isa = PBXFileReference; lastKnownFileType = sourcecode.swift; path = RecordingHUDView.swift; sourceTree = "<group>"; };
		CBFBE7C7257E13EF3CDD18D8 /* MenuBarContent.swift */ = {isa = PBXFileReference; lastKnownFileType = sourcecode.swift; path = MenuBarContent.swift; sourceTree = "<group>"; };
		E2338C7AE0B7D3E074D16709 /* Localizable.xcstrings */ = {isa = PBXFileReference; lastKnownFileType = text.json.xcstrings; path = Localizable.xcstrings; sourceTree = "<group>"; };
		F68B11D180048D181E993725 /* AppState.swift */ = {isa = PBXFileReference; lastKnownFileType = sourcecode.swift; path = AppState.swift; sourceTree = "<group>"; };
		F8CA79A95AE85C1A18B40A70 /* Info.plist */ = {isa = PBXFileReference; lastKnownFileType = text.plist; path = Info.plist; sourceTree = "<group>"; };
		FCB6B752EFA931FD73E0B470 /* LstnrApp.swift */ = {isa = PBXFileReference; lastKnownFileType = sourcecode.swift; path = LstnrApp.swift; sourceTree = "<group>"; };
/* End PBXFileReference section */

/* Begin PBXFrameworksBuildPhase section */
		7A8CA5008839776B630D6EC1 /* Frameworks */ = {
			isa = PBXFrameworksBuildPhase;
			buildActionMask = 2147483647;
			files = (
				D0DA021F2B5E7803A8C0D90A /* LstnrCore in Frameworks */,
			);
			runOnlyForDeploymentPostprocessing = 0;
		};
/* End PBXFrameworksBuildPhase section */

/* Begin PBXGroup section */
		0AF7B34AD7A357C71F5FA576 /* Resources */ = {
			isa = PBXGroup;
			children = (
				9ED636365F6B93D681C47340 /* AppIcon.icns */,
				354B6093D9AD293EF6F073AE /* Fonts */,
			);
			path = Resources;
			sourceTree = "<group>";
		};
		22D2D1B19A11BF294296F763 /* App */ = {
			isa = PBXGroup;
			children = (
				43D9A7A182334713F884469A /* HUD */,
				2A86B355B8F850731CDFE44C /* Onboarding */,
				0AF7B34AD7A357C71F5FA576 /* Resources */,
				2B41AACC7709B577C6783499 /* Settings */,
				841D265606937F8BAB9A4C7D /* Theme */,
				F68B11D180048D181E993725 /* AppState.swift */,
				19F304CA21E45819CCEE6323 /* DiagnosticsView.swift */,
				F8CA79A95AE85C1A18B40A70 /* Info.plist */,
				E2338C7AE0B7D3E074D16709 /* Localizable.xcstrings */,
				83295DCFDF515B867BBE092B /* Lstnr.entitlements */,
				FCB6B752EFA931FD73E0B470 /* LstnrApp.swift */,
				0874CE0E0CF804A3A46FB11D /* LstnrDashboardView.swift */,
				CBFBE7C7257E13EF3CDD18D8 /* MenuBarContent.swift */,
				BE2935F6E8E884C7FA873B18 /* ModePresentation.swift */,
			);
			path = App;
			sourceTree = "<group>";
		};
		2A86B355B8F850731CDFE44C /* Onboarding */ = {
			isa = PBXGroup;
			children = (
				024664CBC22825E834FC7BBD /* OnboardingView.swift */,
				B90A51B8160FDB479229186C /* VaraOnboarding.swift */,
			);
			path = Onboarding;
			sourceTree = "<group>";
		};
		2B41AACC7709B577C6783499 /* Settings */ = {
			isa = PBXGroup;
			children = (
				2AE059F0032CD437FE2E5623 /* AppModeRule.swift */,
				638F9CB1460B5870E7EE48C8 /* BackendMetadata.swift */,
				8CCD70FABA02D9D3CD4084EC /* LstnrSettingsView.swift */,
				7540B0ECA583487C560C1B05 /* ModeEditorView.swift */,
				8EEB243BC444A637247AD8D3 /* SettingsDeepLink.swift */,
			);
			path = Settings;
			sourceTree = "<group>";
		};
		43D9A7A182334713F884469A /* HUD */ = {
			isa = PBXGroup;
			children = (
				936F9FB0D327F2208726D2D6 /* RecordingHUDState.swift */,
				C9A594BD6DDABAA86BC3D889 /* RecordingHUDView.swift */,
				83F92F43FAD9B31E144B5E64 /* RecordingHUDWindowController.swift */,
			);
			path = HUD;
			sourceTree = "<group>";
		};
		841D265606937F8BAB9A4C7D /* Theme */ = {
			isa = PBXGroup;
			children = (
				C91EEDAEA2CC6AC48E46BA25 /* BSTheme.swift */,
			);
			path = Theme;
			sourceTree = "<group>";
		};
		987F06B4C84CA46EE1F67755 = {
			isa = PBXGroup;
			children = (
				22D2D1B19A11BF294296F763 /* App */,
				D79B8BF6B06792888703589A /* Packages */,
				B65DD2E2BFDF46C1AC1BB513 /* Products */,
			);
			sourceTree = "<group>";
		};
		B65DD2E2BFDF46C1AC1BB513 /* Products */ = {
			isa = PBXGroup;
			children = (
				74AA25301FFD05281544A7B2 /* Lstnr.app */,
			);
			name = Products;
			sourceTree = "<group>";
		};
		D79B8BF6B06792888703589A /* Packages */ = {
			isa = PBXGroup;
			children = (
				A2AE6F92CDDDDE51E4539076 /* lstnr */,
			);
			name = Packages;
			sourceTree = "<group>";
		};
/* End PBXGroup section */

/* Begin PBXNativeTarget section */
		122514C60142226C4F37A7F3 /* Lstnr */ = {
			isa = PBXNativeTarget;
			buildConfigurationList = A14AFAA31756CF63A20B95F7 /* Build configuration list for PBXNativeTarget "Lstnr" */;
			buildPhases = (
				2D9AA398DDAB423EDB5142AB /* Sources */,
				D909C137DDDD87E804B3BDDD /* Resources */,
				7A8CA5008839776B630D6EC1 /* Frameworks */,
			);
			buildRules = (
			);
			dependencies = (
			);
			name = Lstnr;
			packageProductDependencies = (
				E5CCDA942FEBACA48FD73A69 /* LstnrCore */,
			);
			productName = Lstnr;
			productReference = 74AA25301FFD05281544A7B2 /* Lstnr.app */;
			productType = "com.apple.product-type.application";
		};
/* End PBXNativeTarget section */

/* Begin PBXProject section */
		09B18A7F3481313D27F951D0 /* Project object */ = {
			isa = PBXProject;
			attributes = {
				BuildIndependentTargetsInParallel = YES;
				LastUpgradeCheck = 1430;
				TargetAttributes = {
					122514C60142226C4F37A7F3 = {
						DevelopmentTeam = 3B7KHK6C9K;
						ProvisioningStyle = Automatic;
					};
				};
			};
			buildConfigurationList = 165E3C750A7B02C296086166 /* Build configuration list for PBXProject "Lstnr" */;
			developmentRegion = en;
			hasScannedForEncodings = 0;
			knownRegions = (
				Base,
				da,
				en,
			);
			mainGroup = 987F06B4C84CA46EE1F67755;
			minimizedProjectReferenceProxies = 1;
			packageReferences = (
				6AB10838664625AE645704EE /* XCLocalSwiftPackageReference "." */,
			);
			preferredProjectObjectVersion = 77;
			productRefGroup = B65DD2E2BFDF46C1AC1BB513 /* Products */;
			projectDirPath = "";
			projectRoot = "";
			targets = (
				122514C60142226C4F37A7F3 /* Lstnr */,
			);
		};
/* End PBXProject section */

/* Begin PBXResourcesBuildPhase section */
		D909C137DDDD87E804B3BDDD /* Resources */ = {
			isa = PBXResourcesBuildPhase;
			buildActionMask = 2147483647;
			files = (
				2BF17E5762727F209C1527FD /* AppIcon.icns in Resources */,
				B6FCE9D02545385B82347D9A /* Fonts in Resources */,
				CCAF22A813EAC9F74338402B /* Localizable.xcstrings in Resources */,
			);
			runOnlyForDeploymentPostprocessing = 0;
		};
/* End PBXResourcesBuildPhase section */

/* Begin PBXSourcesBuildPhase section */
		2D9AA398DDAB423EDB5142AB /* Sources */ = {
			isa = PBXSourcesBuildPhase;
			buildActionMask = 2147483647;
			files = (
				68BDAE07561E50FCCEB5D4D2 /* AppModeRule.swift in Sources */,
				5E5E7123722CEDDA04C69697 /* AppState.swift in Sources */,
				FE657875F3B6F07EDBB81C1B /* BSTheme.swift in Sources */,
				A1D1958010D5ACB8A1D07696 /* BackendMetadata.swift in Sources */,
				C04070138352840737AC8496 /* DiagnosticsView.swift in Sources */,
				323C991EFD0403CB7CF0BBCA /* LstnrApp.swift in Sources */,
				EF224B2B05EAB2611F539E7C /* LstnrDashboardView.swift in Sources */,
				4D5DC32033CAA01025B91C43 /* LstnrSettingsView.swift in Sources */,
				125118DFF0B8EE5CA411C417 /* MenuBarContent.swift in Sources */,
				A6B88826F631B6C18760356D /* ModeEditorView.swift in Sources */,
				13C2C2930076303D2CB85640 /* ModePresentation.swift in Sources */,
				3BC7A806A0E7BA82F1F53841 /* OnboardingView.swift in Sources */,
				92D9C11F72B6F510A40B5915 /* RecordingHUDState.swift in Sources */,
				439E24A1B0278E53516FF315 /* RecordingHUDView.swift in Sources */,
				234F123DDABF9C6E0B472C53 /* RecordingHUDWindowController.swift in Sources */,
				BD41E59C945FDF785ABB9C20 /* SettingsDeepLink.swift in Sources */,
				BD5B8EDED49CAB793E1DE337 /* VaraOnboarding.swift in Sources */,
			);
			runOnlyForDeploymentPostprocessing = 0;
		};
/* End PBXSourcesBuildPhase section */

/* Begin XCBuildConfiguration section */
		382AF8D0A8063A45CF8EA2CF /* Debug */ = {
			isa = XCBuildConfiguration;
			buildSettings = {
				ASSETCATALOG_COMPILER_APPICON_NAME = AppIcon;
				CODE_SIGN_ENTITLEMENTS = App/Lstnr.entitlements;
				COMBINE_HIDPI_IMAGES = YES;
				CURRENT_PROJECT_VERSION = 1;
				GENERATE_INFOPLIST_FILE = NO;
				INFOPLIST_FILE = App/Info.plist;
				LD_RUNPATH_SEARCH_PATHS = (
					"$(inherited)",
					"@executable_path/../Frameworks",
				);
				MARKETING_VERSION = 0.1.0;
				PRODUCT_BUNDLE_IDENTIFIER = dk.56n.lstnr;
				PRODUCT_NAME = Vara;
				SDKROOT = macosx;
			};
			name = Debug;
		};
		4B58F0482B38CA21E1664793 /* Release */ = {
			isa = XCBuildConfiguration;
			buildSettings = {
				ASSETCATALOG_COMPILER_APPICON_NAME = AppIcon;
				CODE_SIGN_ENTITLEMENTS = App/Lstnr.entitlements;
				COMBINE_HIDPI_IMAGES = YES;
				CURRENT_PROJECT_VERSION = 1;
				GENERATE_INFOPLIST_FILE = NO;
				INFOPLIST_FILE = App/Info.plist;
				LD_RUNPATH_SEARCH_PATHS = (
					"$(inherited)",
					"@executable_path/../Frameworks",
				);
				MARKETING_VERSION = 0.1.0;
				PRODUCT_BUNDLE_IDENTIFIER = dk.56n.lstnr;
				PRODUCT_NAME = Vara;
				SDKROOT = macosx;
			};
			name = Release;
		};
		5D3023BC08B715D3219C53D5 /* Release */ = {
			isa = XCBuildConfiguration;
			buildSettings = {
				ALWAYS_SEARCH_USER_PATHS = NO;
				CLANG_ANALYZER_NONNULL = YES;
				CLANG_ANALYZER_NUMBER_OBJECT_CONVERSION = YES_AGGRESSIVE;
				CLANG_CXX_LANGUAGE_STANDARD = "gnu++14";
				CLANG_CXX_LIBRARY = "libc++";
				CLANG_ENABLE_MODULES = YES;
				CLANG_ENABLE_OBJC_ARC = YES;
				CLANG_ENABLE_OBJC_WEAK = YES;
				CLANG_WARN_BLOCK_CAPTURE_AUTORELEASING = YES;
				CLANG_WARN_BOOL_CONVERSION = YES;
				CLANG_WARN_COMMA = YES;
				CLANG_WARN_CONSTANT_CONVERSION = YES;
				CLANG_WARN_DEPRECATED_OBJC_IMPLEMENTATIONS = YES;
				CLANG_WARN_DIRECT_OBJC_ISA_USAGE = YES_ERROR;
				CLANG_WARN_DOCUMENTATION_COMMENTS = YES;
				CLANG_WARN_EMPTY_BODY = YES;
				CLANG_WARN_ENUM_CONVERSION = YES;
				CLANG_WARN_INFINITE_RECURSION = YES;
				CLANG_WARN_INT_CONVERSION = YES;
				CLANG_WARN_NON_LITERAL_NULL_CONVERSION = YES;
				CLANG_WARN_OBJC_IMPLICIT_RETAIN_SELF = YES;
				CLANG_WARN_OBJC_LITERAL_CONVERSION = YES;
				CLANG_WARN_OBJC_ROOT_CLASS = YES_ERROR;
				CLANG_WARN_QUOTED_INCLUDE_IN_FRAMEWORK_HEADER = YES;
				CLANG_WARN_RANGE_LOOP_ANALYSIS = YES;
				CLANG_WARN_STRICT_PROTOTYPES = YES;
				CLANG_WARN_SUSPICIOUS_MOVE = YES;
				CLANG_WARN_UNGUARDED_AVAILABILITY = YES_AGGRESSIVE;
				CLANG_WARN_UNREACHABLE_CODE = YES;
				CLANG_WARN__DUPLICATE_METHOD_MATCH = YES;
				CODE_SIGNING_ALLOWED = YES;
				CODE_SIGNING_REQUIRED = YES;
				CODE_SIGN_IDENTITY = "Apple Development";
				CODE_SIGN_STYLE = Automatic;
				COPY_PHASE_STRIP = NO;
				DEAD_CODE_STRIPPING = YES;
				DEBUG_INFORMATION_FORMAT = "dwarf-with-dsym";
				DEVELOPMENT_TEAM = 3B7KHK6C9K;
				ENABLE_HARDENED_RUNTIME = YES;
				ENABLE_NS_ASSERTIONS = NO;
				ENABLE_STRICT_OBJC_MSGSEND = YES;
				GCC_C_LANGUAGE_STANDARD = gnu11;
				GCC_NO_COMMON_BLOCKS = YES;
				GCC_WARN_64_TO_32_BIT_CONVERSION = YES;
				GCC_WARN_ABOUT_RETURN_TYPE = YES_ERROR;
				GCC_WARN_UNDECLARED_SELECTOR = YES;
				GCC_WARN_UNINITIALIZED_AUTOS = YES_AGGRESSIVE;
				GCC_WARN_UNUSED_FUNCTION = YES;
				GCC_WARN_UNUSED_VARIABLE = YES;
				MACOSX_DEPLOYMENT_TARGET = 14.0;
				MTL_ENABLE_DEBUG_INFO = NO;
				MTL_FAST_MATH = YES;
				PRODUCT_NAME = "$(TARGET_NAME)";
				SDKROOT = macosx;
				SWIFT_COMPILATION_MODE = wholemodule;
				SWIFT_OPTIMIZATION_LEVEL = "-O";
				SWIFT_VERSION = 6.0;
			};
			name = Release;
		};
		B1FCC295DC30D59C36BF52AC /* Debug */ = {
			isa = XCBuildConfiguration;
			buildSettings = {
				ALWAYS_SEARCH_USER_PATHS = NO;
				CLANG_ANALYZER_NONNULL = YES;
				CLANG_ANALYZER_NUMBER_OBJECT_CONVERSION = YES_AGGRESSIVE;
				CLANG_CXX_LANGUAGE_STANDARD = "gnu++14";
				CLANG_CXX_LIBRARY = "libc++";
				CLANG_ENABLE_MODULES = YES;
				CLANG_ENABLE_OBJC_ARC = YES;
				CLANG_ENABLE_OBJC_WEAK = YES;
				CLANG_WARN_BLOCK_CAPTURE_AUTORELEASING = YES;
				CLANG_WARN_BOOL_CONVERSION = YES;
				CLANG_WARN_COMMA = YES;
				CLANG_WARN_CONSTANT_CONVERSION = YES;
				CLANG_WARN_DEPRECATED_OBJC_IMPLEMENTATIONS = YES;
				CLANG_WARN_DIRECT_OBJC_ISA_USAGE = YES_ERROR;
				CLANG_WARN_DOCUMENTATION_COMMENTS = YES;
				CLANG_WARN_EMPTY_BODY = YES;
				CLANG_WARN_ENUM_CONVERSION = YES;
				CLANG_WARN_INFINITE_RECURSION = YES;
				CLANG_WARN_INT_CONVERSION = YES;
				CLANG_WARN_NON_LITERAL_NULL_CONVERSION = YES;
				CLANG_WARN_OBJC_IMPLICIT_RETAIN_SELF = YES;
				CLANG_WARN_OBJC_LITERAL_CONVERSION = YES;
				CLANG_WARN_OBJC_ROOT_CLASS = YES_ERROR;
				CLANG_WARN_QUOTED_INCLUDE_IN_FRAMEWORK_HEADER = YES;
				CLANG_WARN_RANGE_LOOP_ANALYSIS = YES;
				CLANG_WARN_STRICT_PROTOTYPES = YES;
				CLANG_WARN_SUSPICIOUS_MOVE = YES;
				CLANG_WARN_UNGUARDED_AVAILABILITY = YES_AGGRESSIVE;
				CLANG_WARN_UNREACHABLE_CODE = YES;
				CLANG_WARN__DUPLICATE_METHOD_MATCH = YES;
				CODE_SIGNING_ALLOWED = YES;
				CODE_SIGNING_REQUIRED = YES;
				CODE_SIGN_IDENTITY = "Apple Development";
				CODE_SIGN_STYLE = Automatic;
				COPY_PHASE_STRIP = NO;
				DEAD_CODE_STRIPPING = YES;
				DEBUG_INFORMATION_FORMAT = dwarf;
				DEVELOPMENT_TEAM = 3B7KHK6C9K;
				ENABLE_HARDENED_RUNTIME = NO;
				ENABLE_STRICT_OBJC_MSGSEND = YES;
				ENABLE_TESTABILITY = YES;
				GCC_C_LANGUAGE_STANDARD = gnu11;
				GCC_DYNAMIC_NO_PIC = NO;
				GCC_NO_COMMON_BLOCKS = YES;
				GCC_OPTIMIZATION_LEVEL = 0;
				GCC_PREPROCESSOR_DEFINITIONS = (
					"$(inherited)",
					"DEBUG=1",
				);
				GCC_WARN_64_TO_32_BIT_CONVERSION = YES;
				GCC_WARN_ABOUT_RETURN_TYPE = YES_ERROR;
				GCC_WARN_UNDECLARED_SELECTOR = YES;
				GCC_WARN_UNINITIALIZED_AUTOS = YES_AGGRESSIVE;
				GCC_WARN_UNUSED_FUNCTION = YES;
				GCC_WARN_UNUSED_VARIABLE = YES;
				MACOSX_DEPLOYMENT_TARGET = 14.0;
				MTL_ENABLE_DEBUG_INFO = INCLUDE_SOURCE;
				MTL_FAST_MATH = YES;
				ONLY_ACTIVE_ARCH = YES;
				PRODUCT_NAME = "$(TARGET_NAME)";
				SDKROOT = macosx;
				SWIFT_ACTIVE_COMPILATION_CONDITIONS = DEBUG;
				SWIFT_OPTIMIZATION_LEVEL = "-Onone";
				SWIFT_VERSION = 6.0;
			};
			name = Debug;
		};
/* End XCBuildConfiguration section */

/* Begin XCConfigurationList section */
		165E3C750A7B02C296086166 /* Build configuration list for PBXProject "Lstnr" */ = {
			isa = XCConfigurationList;
			buildConfigurations = (
				B1FCC295DC30D59C36BF52AC /* Debug */,
				5D3023BC08B715D3219C53D5 /* Release */,
			);
			defaultConfigurationIsVisible = 0;
			defaultConfigurationName = Debug;
		};
		A14AFAA31756CF63A20B95F7 /* Build configuration list for PBXNativeTarget "Lstnr" */ = {
			isa = XCConfigurationList;
			buildConfigurations = (
				382AF8D0A8063A45CF8EA2CF /* Debug */,
				4B58F0482B38CA21E1664793 /* Release */,
			);
			defaultConfigurationIsVisible = 0;
			defaultConfigurationName = Debug;
		};
/* End XCConfigurationList section */

/* Begin XCLocalSwiftPackageReference section */
		6AB10838664625AE645704EE /* XCLocalSwiftPackageReference "." */ = {
			isa = XCLocalSwiftPackageReference;
			relativePath = .;
		};
/* End XCLocalSwiftPackageReference section */

/* Begin XCSwiftPackageProductDependency section */
		E5CCDA942FEBACA48FD73A69 /* LstnrCore */ = {
			isa = XCSwiftPackageProductDependency;
			productName = LstnrCore;
		};
/* End XCSwiftPackageProductDependency section */
	};
	rootObject = 09B18A7F3481313D27F951D0 /* Project object */;
}
